{
  "version": 4,
  "terraform_version": "1.4.0",
  "serial": 17,
  "lineage": "ea5bc3e4-4402-37d2-c10f-6381e383d3f7",
  "outputs": {},
  "resources": [
    {
      "mode": "data",
      "type": "archive_file",
      "name": "source",
      "provider": "provider[\"registry.terraform.io/hashicorp/archive\"]",
      "instances": [
        {
          "schema_version": 0,
          "attributes": {
            "exclude_symlink_directories": null,
            "excludes": null,
            "id": "8fb2758c5b0ee84689e2b205c62b2c3ddbb4dbf9",
            "output_base64sha256": "m8wL7pUx4A1/15L5/pATYDl4oPf2250BU0hZxScwUBo=",
            "output_base64sha512": "etnck/tn/E7ILFVDwDG3eEUMO2CsliSabmLalxL2wl6wikQ9hFBjsGXJICmCPtFjPIl+xHAg8xbDvnpz3alrFw==",
            "output_file_mode": null,
            "output_md5": "c8133a255a6bd289bb523d6acd3e9b1a",
            "output_path": "./tmp/function.zip",
            "output_sha": "8fb2758c5b0ee84689e2b205c62b2c3ddbb4dbf9",
            "output_sha256": "9bcc0bee9531e00d7fd792f9fe9013603978a0f7f6db9d01534859c52730501a",
            "output_sha512": "7ad9dc93fb67fc4ec82c5543c031b778450c3b60ac96249a6e62da9712f6c25eb08a443d845063b065c92029823ed1633c897ec47020f316c3be7a73dda96b17",
            "output_size": 717,
            "source": [],
            "source_content": null,
            "source_content_filename": null,
            "source_dir": "../src",
            "source_file": null,
            "type": "zip"
          },
          "sensitive_attributes": []
        }
      ]
    },
    {
      "mode": "managed",
      "type": "google_cloudfunctions_function",
      "name": "function",
      "provider": "provider[\"registry.terraform.io/hashicorp/google\"]",
      "instances": [
        {
          "schema_version": 0,
          "attributes": {
            "available_memory_mb": 256,
            "build_environment_variables": null,
            "build_worker_pool": "",
            "description": "",
            "docker_registry": "CONTAINER_REGISTRY",
            "docker_repository": "",
            "entry_point": "hello_gcs",
            "environment_variables": null,
            "event_trigger": [
              {
                "event_type": "google.storage.object.finalize",
                "failure_policy": [
                  {
                    "retry": false
                  }
                ],
                "resource": "projects/gcp-project-390708/buckets/gcp-project-390708-input"
              }
            ],
            "https_trigger_security_level": null,
            "https_trigger_url": null,
            "id": "projects/gcp-project-390708/locations/europe-west2/functions/function-trigger-on-gcs",
            "ingress_settings": "ALLOW_ALL",
            "kms_key_name": "",
            "labels": null,
            "max_instances": 3000,
            "min_instances": 0,
            "name": "function-trigger-on-gcs",
            "project": "gcp-project-390708",
            "region": "europe-west2",
            "runtime": "python37",
            "secret_environment_variables": [],
            "secret_volumes": [],
            "service_account_email": "gcp-project-390708@appspot.gserviceaccount.com",
            "source_archive_bucket": "gcp-project-390708-function",
            "source_archive_object": "src-c8133a255a6bd289bb523d6acd3e9b1a.zip",
            "source_repository": [],
            "status": "ACTIVE",
            "timeout": 60,
            "timeouts": null,
            "trigger_http": null,
            "vpc_connector": "",
            "vpc_connector_egress_settings": ""
          },
          "sensitive_attributes": [],
          "private": "eyJlMmJmYjczMC1lY2FhLTExZTYtOGY4OC0zNDM2M2JjN2M0YzAiOnsiY3JlYXRlIjozMDAwMDAwMDAwMDAsImRlbGV0ZSI6MzAwMDAwMDAwMDAwLCJyZWFkIjozMDAwMDAwMDAwMDAsInVwZGF0ZSI6MzAwMDAwMDAwMDAwfX0=",
          "dependencies": [
            "google_project_service.cloud_build_api",
            "google_project_service.cloud_functions_api",
            "google_storage_bucket.function_bucket",
            "google_storage_bucket_object.zip"
          ]
        }
      ]
    },
    {
      "mode": "managed",
      "type": "google_project_service",
      "name": "cloud_build_api",
      "provider": "provider[\"registry.terraform.io/hashicorp/google\"]",
      "instances": [
        {
          "schema_version": 0,
          "attributes": {
            "disable_dependent_services": null,
            "disable_on_destroy": true,
            "id": "gcp-project-390708/cloudbuild.googleapis.com",
            "project": "gcp-project-390708",
            "service": "cloudbuild.googleapis.com",
            "timeouts": null
          },
          "sensitive_attributes": [],
          "private": "eyJlMmJmYjczMC1lY2FhLTExZTYtOGY4OC0zNDM2M2JjN2M0YzAiOnsiY3JlYXRlIjoxMjAwMDAwMDAwMDAwLCJkZWxldGUiOjEyMDAwMDAwMDAwMDAsInJlYWQiOjYwMDAwMDAwMDAwMCwidXBkYXRlIjoxMjAwMDAwMDAwMDAwfX0="
        }
      ]
    },
    {
      "mode": "managed",
      "type": "google_project_service",
      "name": "cloud_functions_api",
      "provider": "provider[\"registry.terraform.io/hashicorp/google\"]",
      "instances": [
        {
          "schema_version": 0,
          "attributes": {
            "disable_dependent_services": null,
            "disable_on_destroy": true,
            "id": "gcp-project-390708/cloudfunctions.googleapis.com",
            "project": "gcp-project-390708",
            "service": "cloudfunctions.googleapis.com",
            "timeouts": null
          },
          "sensitive_attributes": [],
          "private": "eyJlMmJmYjczMC1lY2FhLTExZTYtOGY4OC0zNDM2M2JjN2M0YzAiOnsiY3JlYXRlIjoxMjAwMDAwMDAwMDAwLCJkZWxldGUiOjEyMDAwMDAwMDAwMDAsInJlYWQiOjYwMDAwMDAwMDAwMCwidXBkYXRlIjoxMjAwMDAwMDAwMDAwfX0="
        }
      ]
    },
    {
      "mode": "managed",
      "type": "google_storage_bucket",
      "name": "function_bucket",
      "provider": "provider[\"registry.terraform.io/hashicorp/google\"]",
      "instances": [
        {
          "schema_version": 0,
          "attributes": {
            "autoclass": [],
            "cors": [],
            "custom_placement_config": [],
            "default_event_based_hold": false,
            "encryption": [],
            "force_destroy": false,
            "id": "gcp-project-390708-function",
            "labels": {},
            "lifecycle_rule": [],
            "location": "EUROPE-WEST2",
            "logging": [],
            "name": "gcp-project-390708-function",
            "project": "gcp-project-390708",
            "public_access_prevention": "inherited",
            "requester_pays": false,
            "retention_policy": [],
            "self_link": "https://www.googleapis.com/storage/v1/b/gcp-project-390708-function",
            "storage_class": "STANDARD",
            "timeouts": null,
            "uniform_bucket_level_access": false,
            "url": "gs://gcp-project-390708-function",
            "versioning": [],
            "website": []
          },
          "sensitive_attributes": [],
          "private": "eyJlMmJmYjczMC1lY2FhLTExZTYtOGY4OC0zNDM2M2JjN2M0YzAiOnsiY3JlYXRlIjo2MDAwMDAwMDAwMDAsInJlYWQiOjI0MDAwMDAwMDAwMCwidXBkYXRlIjoyNDAwMDAwMDAwMDB9fQ=="
        }
      ]
    },
    {
      "mode": "managed",
      "type": "google_storage_bucket",
      "name": "input_bucket",
      "provider": "provider[\"registry.terraform.io/hashicorp/google\"]",
      "instances": [
        {
          "schema_version": 0,
          "attributes": {
            "autoclass": [],
            "cors": [],
            "custom_placement_config": [],
            "default_event_based_hold": false,
            "encryption": [],
            "force_destroy": false,
            "id": "gcp-project-390708-input",
            "labels": {},
            "lifecycle_rule": [],
            "location": "EUROPE-WEST2",
            "logging": [],
            "name": "gcp-project-390708-input",
            "project": "gcp-project-390708",
            "public_access_prevention": "inherited",
            "requester_pays": false,
            "retention_policy": [],
            "self_link": "https://www.googleapis.com/storage/v1/b/gcp-project-390708-input",
            "storage_class": "STANDARD",
            "timeouts": null,
            "uniform_bucket_level_access": false,
            "url": "gs://gcp-project-390708-input",
            "versioning": [],
            "website": []
          },
          "sensitive_attributes": [],
          "private": "eyJlMmJmYjczMC1lY2FhLTExZTYtOGY4OC0zNDM2M2JjN2M0YzAiOnsiY3JlYXRlIjo2MDAwMDAwMDAwMDAsInJlYWQiOjI0MDAwMDAwMDAwMCwidXBkYXRlIjoyNDAwMDAwMDAwMDB9fQ=="
        }
      ]
    },
    {
      "mode": "managed",
      "type": "google_storage_bucket_object",
      "name": "zip",
      "provider": "provider[\"registry.terraform.io/hashicorp/google\"]",
      "instances": [
        {
          "schema_version": 0,
          "attributes": {
            "bucket": "gcp-project-390708-function",
            "cache_control": "",
            "content": null,
            "content_disposition": "",
            "content_encoding": "",
            "content_language": "",
            "content_type": "application/zip",
            "crc32c": "gy36RQ==",
            "customer_encryption": [],
            "detect_md5hash": "yBM6JVpr0om7Uj1qzT6bGg==",
            "event_based_hold": false,
            "id": "gcp-project-390708-function-src-c8133a255a6bd289bb523d6acd3e9b1a.zip",
            "kms_key_name": "",
            "md5hash": "yBM6JVpr0om7Uj1qzT6bGg==",
            "media_link": "https://storage.googleapis.com/download/storage/v1/b/gcp-project-390708-function/o/src-c8133a255a6bd289bb523d6acd3e9b1a.zip?generation=1688040716314621\u0026alt=media",
            "metadata": {},
            "name": "src-c8133a255a6bd289bb523d6acd3e9b1a.zip",
            "output_name": "src-c8133a255a6bd289bb523d6acd3e9b1a.zip",
            "self_link": "https://www.googleapis.com/storage/v1/b/gcp-project-390708-function/o/src-c8133a255a6bd289bb523d6acd3e9b1a.zip",
            "source": "./tmp/function.zip",
            "storage_class": "STANDARD",
            "temporary_hold": false,
            "timeouts": null
          },
          "sensitive_attributes": [],
          "private": "eyJlMmJmYjczMC1lY2FhLTExZTYtOGY4OC0zNDM2M2JjN2M0YzAiOnsiY3JlYXRlIjoyNDAwMDAwMDAwMDAsImRlbGV0ZSI6MjQwMDAwMDAwMDAwLCJ1cGRhdGUiOjI0MDAwMDAwMDAwMH19",
          "dependencies": [
            "data.archive_file.source",
            "google_storage_bucket.function_bucket"
          ]
        }
      ]
    }
  ],
  "check_results": null
}
